
Microsoft Visual Studio Solution File, Format Version 12.00
# Visual Studio Version 16
VisualStudioVersion = 16.0.31613.86
MinimumVisualStudioVersion = 10.0.40219.1
Project("{FAE04EC0-301F-11D3-BF4B-00C04F79EFBC}") = "Switch_case", "Switch_case\Switch_case.csproj", "{1D5EED20-D64A-468B-A3F4-C56B1C2F377A}"
EndProject
Global
	GlobalSection(SolutionConfigurationPlatforms) = preSolution
		Debug|Any CPU = Debug|Any CPU
		Release|Any CPU = Release|Any CPU
	EndGlobalSection
	GlobalSection(ProjectConfigurationPlatforms) = postSolution
		{1D5EED20-D64A-468B-A3F4-C56B1C2F377A}.Debug|Any CPU.ActiveCfg = Debug|Any CPU
		{1D5EED20-D64A-468B-A3F4-C56B1C2F377A}.Debug|Any CPU.Build.0 = Debug|Any CPU
		{1D5EED20-D64A-468B-A3F4-C56B1C2F377A}.Release|Any CPU.ActiveCfg = Release|Any CPU
		{1D5EED20-D64A-468B-A3F4-C56B1C2F377A}.Release|Any CPU.Build.0 = Release|Any CPU
	EndGlobalSection
	GlobalSection(SolutionProperties) = preSolution
		HideSolutionNode = FALSE
	EndGlobalSection
	GlobalSection(ExtensibilityGlobals) = postSolution
		SolutionGuid = {3DE43C13-48F8-421C-9C01-704BA3EC328C}
	EndGlobalSection
EndGlobal
