
Microsoft Visual Studio Solution File, Format Version 12.00
# Visual Studio Version 16
VisualStudioVersion = 16.0.31613.86
MinimumVisualStudioVersion = 10.0.40219.1
Project("{FAE04EC0-301F-11D3-BF4B-00C04F79EFBC}") = "Login", "Login\Login.csproj", "{7F6B6F4D-5334-4C91-ADF3-979543701502}"
EndProject
Global
	GlobalSection(SolutionConfigurationPlatforms) = preSolution
		Debug|Any CPU = Debug|Any CPU
		Release|Any CPU = Release|Any CPU
	EndGlobalSection
	GlobalSection(ProjectConfigurationPlatforms) = postSolution
		{7F6B6F4D-5334-4C91-ADF3-979543701502}.Debug|Any CPU.ActiveCfg = Debug|Any CPU
		{7F6B6F4D-5334-4C91-ADF3-979543701502}.Debug|Any CPU.Build.0 = Debug|Any CPU
		{7F6B6F4D-5334-4C91-ADF3-979543701502}.Release|Any CPU.ActiveCfg = Release|Any CPU
		{7F6B6F4D-5334-4C91-ADF3-979543701502}.Release|Any CPU.Build.0 = Release|Any CPU
	EndGlobalSection
	GlobalSection(SolutionProperties) = preSolution
		HideSolutionNode = FALSE
	EndGlobalSection
	GlobalSection(ExtensibilityGlobals) = postSolution
		SolutionGuid = {494A76E5-BA46-4E9F-9FE6-EDA973A9874C}
	EndGlobalSection
EndGlobal
